// !$*UTF8*$!
{
	archiveVersion = 1;
	classes = {
	};
	objectVersion = 56;
	objects = {

/* Begin PBXBuildFile section */
		D600F3B22BE909050057C287 /* Assets.xcassets in Resources */ = {isa = PBXBuildFile; fileRef = D600F3B12BE909050057C287 /* Assets.xcassets */; };
		D600F3B62BE909050057C287 /* Preview Assets.xcassets in Resources */ = {isa = PBXBuildFile; fileRef = D600F3B52BE909050057C287 /* Preview Assets.xcassets */; };
		D63AA2E32BEFDAB4006471F0 /* AdvancedLApp.swift in Sources */ = {isa = PBXBuildFile; fileRef = D600F3AD2BE909040057C287 /* AdvancedLApp.swift */; };
		D63AA2E42BEFDAB4006471F0 /* AnyTransitionAL.swift in Sources */ = {isa = PBXBuildFile; fileRef = D6943C4D2BEFCD1D001D04E0 /* AnyTransitionAL.swift */; };
		D63AA2E52BEFDAB4006471F0 /* ButtonStyleAL.swift in Sources */ = {isa = PBXBuildFile; fileRef = D6943C4C2BEFCD1D001D04E0 /* ButtonStyleAL.swift */; };
		D63AA2E62BEFDAB4006471F0 /* ContentView.swift in Sources */ = {isa = PBXBuildFile; fileRef = D6943C4F2BEFCD1D001D04E0 /* ContentView.swift */; };
		D63AA2E72BEFDAB4006471F0 /* CustomShapesAL.swift in Sources */ = {isa = PBXBuildFile; fileRef = D6943C4B2BEFCD1D001D04E0 /* CustomShapesAL.swift */; };
		D63AA2E82BEFDAB4006471F0 /* MatchedGeometryEffect.swift in Sources */ = {isa = PBXBuildFile; fileRef = D6943C4E2BEFCD1D001D04E0 /* MatchedGeometryEffect.swift */; };
		D63AA2E92BEFDAB4006471F0 /* ViewModifierAL.swift in Sources */ = {isa = PBXBuildFile; fileRef = D6943C492BEFCD1D001D04E0 /* ViewModifierAL.swift */; };
		D63AA2EA2BEFDAB4006471F0 /* GenericsAL.swift in Sources */ = {isa = PBXBuildFile; fileRef = D63AA2D92BEFCE52006471F0 /* GenericsAL.swift */; };
		D63AA3092BEFEFF6006471F0 /* ViewBuilderAL.swift in Sources */ = {isa = PBXBuildFile; fileRef = D63AA3082BEFEFF6006471F0 /* ViewBuilderAL.swift */; };
/* End PBXBuildFile section */

/* Begin PBXFileReference section */
		D600F3AA2BE909040057C287 /* AdvancedL.app */ = {isa = PBXFileReference; explicitFileType = wrapper.application; includeInIndex = 0; path = AdvancedL.app; sourceTree = BUILT_PRODUCTS_DIR; };
		D600F3AD2BE909040057C287 /* AdvancedLApp.swift */ = {isa = PBXFileReference; lastKnownFileType = sourcecode.swift; path = AdvancedLApp.swift; sourceTree = "<group>"; };
		D600F3B12BE909050057C287 /* Assets.xcassets */ = {isa = PBXFileReference; lastKnownFileType = folder.assetcatalog; path = Assets.xcassets; sourceTree = "<group>"; };
		D600F3B32BE909050057C287 /* AdvancedL.entitlements */ = {isa = PBXFileReference; lastKnownFileType = text.plist.entitlements; path = AdvancedL.entitlements; sourceTree = "<group>"; };
		D600F3B52BE909050057C287 /* Preview Assets.xcassets */ = {isa = PBXFileReference; lastKnownFileType = folder.assetcatalog; path = "Preview Assets.xcassets"; sourceTree = "<group>"; };
		D63AA2D92BEFCE52006471F0 /* GenericsAL.swift */ = {isa = PBXFileReference; lastKnownFileType = sourcecode.swift; path = GenericsAL.swift; sourceTree = "<group>"; };
		D63AA3082BEFEFF6006471F0 /* ViewBuilderAL.swift */ = {isa = PBXFileReference; lastKnownFileType = sourcecode.swift; path = ViewBuilderAL.swift; sourceTree = "<group>"; };
		D6943C492BEFCD1D001D04E0 /* ViewModifierAL.swift */ = {isa = PBXFileReference; fileEncoding = 4; lastKnownFileType = sourcecode.swift; path = ViewModifierAL.swift; sourceTree = "<group>"; };
		D6943C4B2BEFCD1D001D04E0 /* CustomShapesAL.swift */ = {isa = PBXFileReference; fileEncoding = 4; lastKnownFileType = sourcecode.swift; path = CustomShapesAL.swift; sourceTree = "<group>"; };
		D6943C4C2BEFCD1D001D04E0 /* ButtonStyleAL.swift */ = {isa = PBXFileReference; fileEncoding = 4; lastKnownFileType = sourcecode.swift; path = ButtonStyleAL.swift; sourceTree = "<group>"; };
		D6943C4D2BEFCD1D001D04E0 /* AnyTransitionAL.swift */ = {isa = PBXFileReference; fileEncoding = 4; lastKnownFileType = sourcecode.swift; path = AnyTransitionAL.swift; sourceTree = "<group>"; };
		D6943C4E2BEFCD1D001D04E0 /* MatchedGeometryEffect.swift */ = {isa = PBXFileReference; fileEncoding = 4; lastKnownFileType = sourcecode.swift; path = MatchedGeometryEffect.swift; sourceTree = "<group>"; };
		D6943C4F2BEFCD1D001D04E0 /* ContentView.swift */ = {isa = PBXFileReference; fileEncoding = 4; lastKnownFileType = sourcecode.swift; path = ContentView.swift; sourceTree = "<group>"; };
/* End PBXFileReference section */

/* Begin PBXFrameworksBuildPhase section */
		D600F3A72BE909030057C287 /* Frameworks */ = {
			isa = PBXFrameworksBuildPhase;
			buildActionMask = 2147483647;
			files = (
			);
			runOnlyForDeploymentPostprocessing = 0;
		};
/* End PBXFrameworksBuildPhase section */

/* Begin PBXGroup section */
		D600F3A12BE909030057C287 = {
			isa = PBXGroup;
			children = (
				D600F3AC2BE909040057C287 /* AdvancedL */,
				D600F3AB2BE909040057C287 /* Products */,
			);
			sourceTree = "<group>";
		};
		D600F3AB2BE909040057C287 /* Products */ = {
			isa = PBXGroup;
			children = (
				D600F3AA2BE909040057C287 /* AdvancedL.app */,
			);
			name = Products;
			sourceTree = "<group>";
		};
		D600F3AC2BE909040057C287 /* AdvancedL */ = {
			isa = PBXGroup;
			children = (
				D600F3AD2BE909040057C287 /* AdvancedLApp.swift */,
				D6943C4D2BEFCD1D001D04E0 /* AnyTransitionAL.swift */,
				D6943C4C2BEFCD1D001D04E0 /* ButtonStyleAL.swift */,
				D6943C4F2BEFCD1D001D04E0 /* ContentView.swift */,
				D6943C4B2BEFCD1D001D04E0 /* CustomShapesAL.swift */,
				D6943C4E2BEFCD1D001D04E0 /* MatchedGeometryEffect.swift */,
				D6943C492BEFCD1D001D04E0 /* ViewModifierAL.swift */,
				D63AA2D92BEFCE52006471F0 /* GenericsAL.swift */,
				D600F3B12BE909050057C287 /* Assets.xcassets */,
				D600F3B32BE909050057C287 /* AdvancedL.entitlements */,
				D600F3B42BE909050057C287 /* Preview Content */,
				D63AA3082BEFEFF6006471F0 /* ViewBuilderAL.swift */,
			);
			path = AdvancedL;
			sourceTree = "<group>";
		};
		D600F3B42BE909050057C287 /* Preview Content */ = {
			isa = PBXGroup;
			children = (
				D600F3B52BE909050057C287 /* Preview Assets.xcassets */,
			);
			path = "Preview Content";
			sourceTree = "<group>";
		};
/* End PBXGroup section */

/* Begin PBXNativeTarget section */
		D600F3A92BE909030057C287 /* AdvancedL */ = {
			isa = PBXNativeTarget;
			buildConfigurationList = D600F3B92BE909050057C287 /* Build configuration list for PBXNativeTarget "AdvancedL" */;
			buildPhases = (
				D600F3A62BE909030057C287 /* Sources */,
				D600F3A72BE909030057C287 /* Frameworks */,
				D600F3A82BE909030057C287 /* Resources */,
			);
			buildRules = (
			);
			dependencies = (
			);
			name = AdvancedL;
			productName = AdvancedL;
			productReference = D600F3AA2BE909040057C287 /* AdvancedL.app */;
			productType = "com.apple.product-type.application";
		};
/* End PBXNativeTarget section */

/* Begin PBXProject section */
		D600F3A22BE909030057C287 /* Project object */ = {
			isa = PBXProject;
			attributes = {
				BuildIndependentTargetsInParallel = 1;
				LastSwiftUpdateCheck = 1530;
				LastUpgradeCheck = 1530;
				TargetAttributes = {
					D600F3A92BE909030057C287 = {
						CreatedOnToolsVersion = 15.3;
					};
				};
			};
			buildConfigurationList = D600F3A52BE909030057C287 /* Build configuration list for PBXProject "AdvancedL" */;
			compatibilityVersion = "Xcode 14.0";
			developmentRegion = en;
			hasScannedForEncodings = 0;
			knownRegions = (
				en,
				Base,
			);
			mainGroup = D600F3A12BE909030057C287;
			productRefGroup = D600F3AB2BE909040057C287 /* Products */;
			projectDirPath = "";
			projectRoot = "";
			targets = (
				D600F3A92BE909030057C287 /* AdvancedL */,
			);
		};
/* End PBXProject section */

/* Begin PBXResourcesBuildPhase section */
		D600F3A82BE909030057C287 /* Resources */ = {
			isa = PBXResourcesBuildPhase;
			buildActionMask = 2147483647;
			files = (
				D600F3B62BE909050057C287 /* Preview Assets.xcassets in Resources */,
				D600F3B22BE909050057C287 /* Assets.xcassets in Resources */,
			);
			runOnlyForDeploymentPostprocessing = 0;
		};
/* End PBXResourcesBuildPhase section */

/* Begin PBXSourcesBuildPhase section */
		D600F3A62BE909030057C287 /* Sources */ = {
			isa = PBXSourcesBuildPhase;
			buildActionMask = 2147483647;
			files = (
				D63AA2E32BEFDAB4006471F0 /* AdvancedLApp.swift in Sources */,
				D63AA3092BEFEFF6006471F0 /* ViewBuilderAL.swift in Sources */,
				D63AA2E42BEFDAB4006471F0 /* AnyTransitionAL.swift in Sources */,
				D63AA2E52BEFDAB4006471F0 /* ButtonStyleAL.swift in Sources */,
				D63AA2E62BEFDAB4006471F0 /* ContentView.swift in Sources */,
				D63AA2E72BEFDAB4006471F0 /* CustomShapesAL.swift in Sources */,
				D63AA2E82BEFDAB4006471F0 /* MatchedGeometryEffect.swift in Sources */,
				D63AA2E92BEFDAB4006471F0 /* ViewModifierAL.swift in Sources */,
				D63AA2EA2BEFDAB4006471F0 /* GenericsAL.swift in Sources */,
			);
			runOnlyForDeploymentPostprocessing = 0;
		};
/* End PBXSourcesBuildPhase section */

/* Begin XCBuildConfiguration section */
		D600F3B72BE909050057C287 /* Debug */ = {
			isa = XCBuildConfiguration;
			buildSettings = {
				ALWAYS_SEARCH_USER_PATHS = NO;
				ASSETCATALOG_COMPILER_GENERATE_SWIFT_ASSET_SYMBOL_EXTENSIONS = YES;
				CLANG_ANALYZER_NONNULL = YES;
				CLANG_ANALYZER_NUMBER_OBJECT_CONVERSION = YES_AGGRESSIVE;
				CLANG_CXX_LANGUAGE_STANDARD = "gnu++20";
				CLANG_ENABLE_MODULES = YES;
				CLANG_ENABLE_OBJC_ARC = YES;
				CLANG_ENABLE_OBJC_WEAK = YES;
				CLANG_WARN_BLOCK_CAPTURE_AUTORELEASING = YES;
				CLANG_WARN_BOOL_CONVERSION = YES;
				CLANG_WARN_COMMA = YES;
				CLANG_WARN_CONSTANT_CONVERSION = YES;
				CLANG_WARN_DEPRECATED_OBJC_IMPLEMENTATIONS = YES;
				CLANG_WARN_DIRECT_OBJC_ISA_USAGE = YES_ERROR;
				CLANG_WARN_DOCUMENTATION_COMMENTS = YES;
				CLANG_WARN_EMPTY_BODY = YES;
				CLANG_WARN_ENUM_CONVERSION = YES;
				CLANG_WARN_INFINITE_RECURSION = YES;
				CLANG_WARN_INT_CONVERSION = YES;
				CLANG_WARN_NON_LITERAL_NULL_CONVERSION = YES;
				CLANG_WARN_OBJC_IMPLICIT_RETAIN_SELF = YES;
				CLANG_WARN_OBJC_LITERAL_CONVERSION = YES;
				CLANG_WARN_OBJC_ROOT_CLASS = YES_ERROR;
				CLANG_WARN_QUOTED_INCLUDE_IN_FRAMEWORK_HEADER = YES;
				CLANG_WARN_RANGE_LOOP_ANALYSIS = YES;
				CLANG_WARN_STRICT_PROTOTYPES = YES;
				CLANG_WARN_SUSPICIOUS_MOVE = YES;
				CLANG_WARN_UNGUARDED_AVAILABILITY = YES_AGGRESSIVE;
				CLANG_WARN_UNREACHABLE_CODE = YES;
				CLANG_WARN__DUPLICATE_METHOD_MATCH = YES;
				COPY_PHASE_STRIP = NO;
				DEBUG_INFORMATION_FORMAT = dwarf;
				ENABLE_STRICT_OBJC_MSGSEND = YES;
				ENABLE_TESTABILITY = YES;
				ENABLE_USER_SCRIPT_SANDBOXING = YES;
				GCC_C_LANGUAGE_STANDARD = gnu17;
				GCC_DYNAMIC_NO_PIC = NO;
				GCC_NO_COMMON_BLOCKS = YES;
				GCC_OPTIMIZATION_LEVEL = 0;
				GCC_PREPROCESSOR_DEFINITIONS = (
					"DEBUG=1",
					"$(inherited)",
				);
				GCC_WARN_64_TO_32_BIT_CONVERSION = YES;
				GCC_WARN_ABOUT_RETURN_TYPE = YES_ERROR;
				GCC_WARN_UNDECLARED_SELECTOR = YES;
				GCC_WARN_UNINITIALIZED_AUTOS = YES_AGGRESSIVE;
				GCC_WARN_UNUSED_FUNCTION = YES;
				GCC_WARN_UNUSED_VARIABLE = YES;
				LOCALIZATION_PREFERS_STRING_CATALOGS = YES;
				MTL_ENABLE_DEBUG_INFO = INCLUDE_SOURCE;
				MTL_FAST_MATH = YES;
				ONLY_ACTIVE_ARCH = YES;
				SWIFT_ACTIVE_COMPILATION_CONDITIONS = "DEBUG $(inherited)";
				SWIFT_OPTIMIZATION_LEVEL = "-Onone";
			};
			name = Debug;
		};
		D600F3B82BE909050057C287 /* Release */ = {
			isa = XCBuildConfiguration;
			buildSettings = {
				ALWAYS_SEARCH_USER_PATHS = NO;
				ASSETCATALOG_COMPILER_GENERATE_SWIFT_ASSET_SYMBOL_EXTENSIONS = YES;
				CLANG_ANALYZER_NONNULL = YES;
				CLANG_ANALYZER_NUMBER_OBJECT_CONVERSION = YES_AGGRESSIVE;
				CLANG_CXX_LANGUAGE_STANDARD = "gnu++20";
				CLANG_ENABLE_MODULES = YES;
				CLANG_ENABLE_OBJC_ARC = YES;
				CLANG_ENABLE_OBJC_WEAK = YES;
				CLANG_WARN_BLOCK_CAPTURE_AUTORELEASING = YES;
				CLANG_WARN_BOOL_CONVERSION = YES;
				CLANG_WARN_COMMA = YES;
				CLANG_WARN_CONSTANT_CONVERSION = YES;
				CLANG_WARN_DEPRECATED_OBJC_IMPLEMENTATIONS = YES;
				CLANG_WARN_DIRECT_OBJC_ISA_USAGE = YES_ERROR;
				CLANG_WARN_DOCUMENTATION_COMMENTS = YES;
				CLANG_WARN_EMPTY_BODY = YES;
				CLANG_WARN_ENUM_CONVERSION = YES;
				CLANG_WARN_INFINITE_RECURSION = YES;
				CLANG_WARN_INT_CONVERSION = YES;
				CLANG_WARN_NON_LITERAL_NULL_CONVERSION = YES;
				CLANG_WARN_OBJC_IMPLICIT_RETAIN_SELF = YES;
				CLANG_WARN_OBJC_LITERAL_CONVERSION = YES;
				CLANG_WARN_OBJC_ROOT_CLASS = YES_ERROR;
				CLANG_WARN_QUOTED_INCLUDE_IN_FRAMEWORK_HEADER = YES;
				CLANG_WARN_RANGE_LOOP_ANALYSIS = YES;
				CLANG_WARN_STRICT_PROTOTYPES = YES;
				CLANG_WARN_SUSPICIOUS_MOVE = YES;
				CLANG_WARN_UNGUARDED_AVAILABILITY = YES_AGGRESSIVE;
				CLANG_WARN_UNREACHABLE_CODE = YES;
				CLANG_WARN__DUPLICATE_METHOD_MATCH = YES;
				COPY_PHASE_STRIP = NO;
				DEBUG_INFORMATION_FORMAT = "dwarf-with-dsym";
				ENABLE_NS_ASSERTIONS = NO;
				ENABLE_STRICT_OBJC_MSGSEND = YES;
				ENABLE_USER_SCRIPT_SANDBOXING = YES;
				GCC_C_LANGUAGE_STANDARD = gnu17;
				GCC_NO_COMMON_BLOCKS = YES;
				GCC_WARN_64_TO_32_BIT_CONVERSION = YES;
				GCC_WARN_ABOUT_RETURN_TYPE = YES_ERROR;
				GCC_WARN_UNDECLARED_SELECTOR = YES;
				GCC_WARN_UNINITIALIZED_AUTOS = YES_AGGRESSIVE;
				GCC_WARN_UNUSED_FUNCTION = YES;
				GCC_WARN_UNUSED_VARIABLE = YES;
				LOCALIZATION_PREFERS_STRING_CATALOGS = YES;
				MTL_ENABLE_DEBUG_INFO = NO;
				MTL_FAST_MATH = YES;
				SWIFT_COMPILATION_MODE = wholemodule;
			};
			name = Release;
		};
		D600F3BA2BE909050057C287 /* Debug */ = {
			isa = XCBuildConfiguration;
			buildSettings = {
				ASSETCATALOG_COMPILER_APPICON_NAME = AppIcon;
				ASSETCATALOG_COMPILER_GLOBAL_ACCENT_COLOR_NAME = AccentColor;
				CODE_SIGN_ENTITLEMENTS = AdvancedL/AdvancedL.entitlements;
				CODE_SIGN_STYLE = Automatic;
				CURRENT_PROJECT_VERSION = 1;
				DEVELOPMENT_ASSET_PATHS = "\"AdvancedL/Preview Content\"";
				DEVELOPMENT_TEAM = A64NZ37MJD;
				ENABLE_HARDENED_RUNTIME = YES;
				ENABLE_PREVIEWS = YES;
				EXCLUDED_ARCHS = arm64;
				"EXCLUDED_ARCHS[sdk=*]" = arm64;
				GENERATE_INFOPLIST_FILE = YES;
				"INFOPLIST_KEY_UIApplicationSceneManifest_Generation[sdk=iphoneos*]" = YES;
				"INFOPLIST_KEY_UIApplicationSceneManifest_Generation[sdk=iphonesimulator*]" = YES;
				"INFOPLIST_KEY_UIApplicationSupportsIndirectInputEvents[sdk=iphoneos*]" = YES;
				"INFOPLIST_KEY_UIApplicationSupportsIndirectInputEvents[sdk=iphonesimulator*]" = YES;
				"INFOPLIST_KEY_UILaunchScreen_Generation[sdk=iphoneos*]" = YES;
				"INFOPLIST_KEY_UILaunchScreen_Generation[sdk=iphonesimulator*]" = YES;
				"INFOPLIST_KEY_UIStatusBarStyle[sdk=iphoneos*]" = UIStatusBarStyleDefault;
				"INFOPLIST_KEY_UIStatusBarStyle[sdk=iphonesimulator*]" = UIStatusBarStyleDefault;
				INFOPLIST_KEY_UISupportedInterfaceOrientations_iPad = "UIInterfaceOrientationPortrait UIInterfaceOrientationPortraitUpsideDown UIInterfaceOrientationLandscapeLeft UIInterfaceOrientationLandscapeRight";
				INFOPLIST_KEY_UISupportedInterfaceOrientations_iPhone = "UIInterfaceOrientationPortrait UIInterfaceOrientationLandscapeLeft UIInterfaceOrientationLandscapeRight";
				IPHONEOS_DEPLOYMENT_TARGET = 17.4;
				LD_RUNPATH_SEARCH_PATHS = "@executable_path/Frameworks";
				"LD_RUNPATH_SEARCH_PATHS[sdk=macosx*]" = "@executable_path/../Frameworks";
				MACOSX_DEPLOYMENT_TARGET = 14.1;
				MARKETING_VERSION = 1.0;
				PRODUCT_BUNDLE_IDENTIFIER = serhatakyol.AdvancedL;
				PRODUCT_NAME = "$(TARGET_NAME)";
				SDKROOT = auto;
				SUPPORTED_PLATFORMS = "iphoneos iphonesimulator macosx";
				SWIFT_EMIT_LOC_STRINGS = YES;
				SWIFT_VERSION = 5.0;
				TARGETED_DEVICE_FAMILY = "1,2";
			};
			name = Debug;
		};
		D600F3BB2BE909050057C287 /* Release */ = {
			isa = XCBuildConfiguration;
			buildSettings = {
				ASSETCATALOG_COMPILER_APPICON_NAME = AppIcon;
				ASSETCATALOG_COMPILER_GLOBAL_ACCENT_COLOR_NAME = AccentColor;
				CODE_SIGN_ENTITLEMENTS = AdvancedL/AdvancedL.entitlements;
				CODE_SIGN_STYLE = Automatic;
				CURRENT_PROJECT_VERSION = 1;
				DEVELOPMENT_ASSET_PATHS = "\"AdvancedL/Preview Content\"";
				DEVELOPMENT_TEAM = A64NZ37MJD;
				ENABLE_HARDENED_RUNTIME = YES;
				ENABLE_PREVIEWS = YES;
				EXCLUDED_ARCHS = arm64;
				"EXCLUDED_ARCHS[sdk=*]" = arm64;
				GENERATE_INFOPLIST_FILE = YES;
				"INFOPLIST_KEY_UIApplicationSceneManifest_Generation[sdk=iphoneos*]" = YES;
				"INFOPLIST_KEY_UIApplicationSceneManifest_Generation[sdk=iphonesimulator*]" = YES;
				"INFOPLIST_KEY_UIApplicationSupportsIndirectInputEvents[sdk=iphoneos*]" = YES;
				"INFOPLIST_KEY_UIApplicationSupportsIndirectInputEvents[sdk=iphonesimulator*]" = YES;
				"INFOPLIST_KEY_UILaunchScreen_Generation[sdk=iphoneos*]" = YES;
				"INFOPLIST_KEY_UILaunchScreen_Generation[sdk=iphonesimulator*]" = YES;
				"INFOPLIST_KEY_UIStatusBarStyle[sdk=iphoneos*]" = UIStatusBarStyleDefault;
				"INFOPLIST_KEY_UIStatusBarStyle[sdk=iphonesimulator*]" = UIStatusBarStyleDefault;
				INFOPLIST_KEY_UISupportedInterfaceOrientations_iPad = "UIInterfaceOrientationPortrait UIInterfaceOrientationPortraitUpsideDown UIInterfaceOrientationLandscapeLeft UIInterfaceOrientationLandscapeRight";
				INFOPLIST_KEY_UISupportedInterfaceOrientations_iPhone = "UIInterfaceOrientationPortrait UIInterfaceOrientationLandscapeLeft UIInterfaceOrientationLandscapeRight";
				IPHONEOS_DEPLOYMENT_TARGET = 17.4;
				LD_RUNPATH_SEARCH_PATHS = "@executable_path/Frameworks";
				"LD_RUNPATH_SEARCH_PATHS[sdk=macosx*]" = "@executable_path/../Frameworks";
				MACOSX_DEPLOYMENT_TARGET = 14.1;
				MARKETING_VERSION = 1.0;
				PRODUCT_BUNDLE_IDENTIFIER = serhatakyol.AdvancedL;
				PRODUCT_NAME = "$(TARGET_NAME)";
				SDKROOT = auto;
				SUPPORTED_PLATFORMS = "iphoneos iphonesimulator macosx";
				SWIFT_EMIT_LOC_STRINGS = YES;
				SWIFT_VERSION = 5.0;
				TARGETED_DEVICE_FAMILY = "1,2";
			};
			name = Release;
		};
/* End XCBuildConfiguration section */

/* Begin XCConfigurationList section */
		D600F3A52BE909030057C287 /* Build configuration list for PBXProject "AdvancedL" */ = {
			isa = XCConfigurationList;
			buildConfigurations = (
				D600F3B72BE909050057C287 /* Debug */,
				D600F3B82BE909050057C287 /* Release */,
			);
			defaultConfigurationIsVisible = 0;
			defaultConfigurationName = Release;
		};
		D600F3B92BE909050057C287 /* Build configuration list for PBXNativeTarget "AdvancedL" */ = {
			isa = XCConfigurationList;
			buildConfigurations = (
				D600F3BA2BE909050057C287 /* Debug */,
				D600F3BB2BE909050057C287 /* Release */,
			);
			defaultConfigurationIsVisible = 0;
			defaultConfigurationName = Release;
		};
/* End XCConfigurationList section */
	};
	rootObject = D600F3A22BE909030057C287 /* Project object */;
}
